
Microsoft Visual Studio Solution File, Format Version 11.00
# Visual Studio 2010
Project("{FAE04EC0-301F-11D3-BF4B-00C04F79EFBC}") = "Assembly-CSharp", "Assembly-CSharp.csproj", "{17a93b9e-4b67-8fd0-dd32-e04406c6f344}"
EndProject
Project("{FAE04EC0-301F-11D3-BF4B-00C04F79EFBC}") = "Unity.XR.Management.Samples.Editor", "Unity.XR.Management.Samples.Editor.csproj", "{84175860-89cf-9723-94d6-250596f9af8e}"
EndProject
Project("{FAE04EC0-301F-11D3-BF4B-00C04F79EFBC}") = "Unity.XR.Management.Samples", "Unity.XR.Management.Samples.csproj", "{c6344115-45ea-0029-d0a5-d807e8176647}"
EndProject
Global
	GlobalSection(SolutionConfigurationPlatforms) = preSolution
		Debug|Any CPU = Debug|Any CPU
	EndGlobalSection
	GlobalSection(ProjectConfigurationPlatforms) = postSolution
		{17a93b9e-4b67-8fd0-dd32-e04406c6f344}.Debug|Any CPU.ActiveCfg = Debug|Any CPU
		{17a93b9e-4b67-8fd0-dd32-e04406c6f344}.Debug|Any CPU.Build.0 = Debug|Any CPU
		{84175860-89cf-9723-94d6-250596f9af8e}.Debug|Any CPU.ActiveCfg = Debug|Any CPU
		{84175860-89cf-9723-94d6-250596f9af8e}.Debug|Any CPU.Build.0 = Debug|Any CPU
		{c6344115-45ea-0029-d0a5-d807e8176647}.Debug|Any CPU.ActiveCfg = Debug|Any CPU
		{c6344115-45ea-0029-d0a5-d807e8176647}.Debug|Any CPU.Build.0 = Debug|Any CPU
	EndGlobalSection
	GlobalSection(SolutionProperties) = preSolution
		HideSolutionNode = FALSE
	EndGlobalSection
EndGlobal
